
Microsoft Visual Studio Solution File, Format Version 12.00
# Visual Studio Version 17
VisualStudioVersion = 17.13.35818.85 d17.13
MinimumVisualStudioVersion = 10.0.40219.1
Project("{FAE04EC0-301F-11D3-BF4B-00C04F79EFBC}") = "tpmodul10_103022300052", "tpmodul10_103022300052\tpmodul10_103022300052.csproj", "{4A091081-41D2-4BA2-8A2E-02C96E1982CF}"
EndProject
Global
	GlobalSection(SolutionConfigurationPlatforms) = preSolution
		Debug|Any CPU = Debug|Any CPU
		Release|Any CPU = Release|Any CPU
	EndGlobalSection
	GlobalSection(ProjectConfigurationPlatforms) = postSolution
		{4A091081-41D2-4BA2-8A2E-02C96E1982CF}.Debug|Any CPU.ActiveCfg = Debug|Any CPU
		{4A091081-41D2-4BA2-8A2E-02C96E1982CF}.Debug|Any CPU.Build.0 = Debug|Any CPU
		{4A091081-41D2-4BA2-8A2E-02C96E1982CF}.Release|Any CPU.ActiveCfg = Release|Any CPU
		{4A091081-41D2-4BA2-8A2E-02C96E1982CF}.Release|Any CPU.Build.0 = Release|Any CPU
	EndGlobalSection
	GlobalSection(SolutionProperties) = preSolution
		HideSolutionNode = FALSE
	EndGlobalSection
	GlobalSection(ExtensibilityGlobals) = postSolution
		SolutionGuid = {C47EE6EE-EC88-4143-878C-8822502E99DA}
	EndGlobalSection
EndGlobal
